# Application packages only; scientific/CUDA stack comes from the pinned NVIDIA base.
annotated-types==0.8.0
anthropic==0.125.0
anyio==4.15.1
certifi==2026.7.22
charset-normalizer==3.5.2
click==8.5.0
defusedxml==0.7.1
distro==1.9.0
docstring_parser==0.18.0
fastapi==0.115.6
h11==0.16.0
httpcore==1.0.9
httpx==0.28.1
idna==3.20
jiter==0.17.0
jsonpatch==1.33
jsonpointer==3.1.1
langchain-anthropic==0.3.1
langchain-core==0.3.29
langchain-openai==0.2.14
langgraph==0.2.60
langgraph-checkpoint==2.1.2
langgraph-sdk==0.1.74
langsmith==0.2.11
mpmath==1.3.0
openai==1.109.1
opencv-python==4.10.0.84
orjson==3.12.0
ormsgpack==1.12.2
packaging==24.2
paho-mqtt==2.1.0
psutil==7.2.2
py-cpuinfo==9.0.0
pydantic==2.10.4
pydantic_core==2.27.2
PyYAML==6.0.2
regex==2026.9.29
requests==2.34.2
requests-toolbelt==1.0.0
shapely==2.0.6
sniffio==1.3.1
starlette==0.41.3
tenacity==9.1.4
tiktoken==0.14.0
tqdm==4.70.1
typing-inspection==0.4.4
ultralytics==8.3.58
ultralytics-thop==2.2.2
urllib3==2.8.0
uvicorn==0.34.0
